{
    "_meta": {
        "hash": {
            "sha256": "55479793477b1de5db77e72e8b2b70befd3a75a48c85ca384e3c18094f39c150"
        },
        "pipfile-spec": 6,
        "requires": {
            "python_version": "3.7"
        },
        "sources": [
            {
                "name": "pypi",
                "url": "https://pypi.org/simple",
                "verify_ssl": true
            }
        ]
    },
    "default": {
        "certifi": {
            "hashes": [
                "sha256:5930595817496dd21bb8dc35dad090f1c2cd0adfaf21204bf6732ca5d8ee34d3",
                "sha256:8fc0819f1f30ba15bdb34cceffb9ef04d99f420f68eb75d901e9560b8749fc41"
            ],
            "version": "==2020.6.20"
        },
        "chardet": {
            "hashes": [
                "sha256:84ab92ed1c4d4f16916e05906b6b75a6c0fb5db821cc65e70cbd64a3e2a5eaae",
                "sha256:fc323ffcaeaed0e0a02bf4d117757b98aed530d9ed4531e3e15460124c106691"
            ],
            "version": "==3.0.4"
        },
        "docopt": {
            "hashes": [
                "sha256:49b3a825280bd66b3aa83585ef59c4a8c82f2c8a522dbe754a8bc8d08c85c491"
            ],
            "index": "pypi",
            "version": "==0.6.2"
        },
        "html5lib": {
            "hashes": [
                "sha256:0d78f8fde1c230e99fe37986a60526d7049ed4bf8a9fadbad5f00e22e58e041d",
                "sha256:b2e5b40261e20f354d198eae92afc10d750afb487ed5e50f9c4eaf07c184146f"
            ],
            "markers": "python_version >= '2.7' and python_version not in '3.0, 3.1, 3.2, 3.3, 3.4'",
            "version": "==1.1"
        },
        "idna": {
            "hashes": [
                "sha256:b307872f855b18632ce0c21c5e45be78c0ea7ae4c15c828c20788b26921eb3f6",
                "sha256:b97d804b1e9b523befed77c48dacec60e6dcb0b5391d57af6a65a312a90648c0"
            ],
            "markers": "python_version >= '2.7' and python_version not in '3.0, 3.1, 3.2, 3.3'",
            "version": "==2.10"
        },
        "json-table-schema": {
            "hashes": [
                "sha256:519961cf21f6d45124ff73388538e6db78148e9ed95f43f1c0a2fc4d7e980d97"
            ],
            "version": "==0.2.1"
        },
        "lxml": {
            "hashes": [
                "sha256:05a444b207901a68a6526948c7cc8f9fe6d6f24c70781488e32fd74ff5996e3f",
                "sha256:08fc93257dcfe9542c0a6883a25ba4971d78297f63d7a5a26ffa34861ca78730",
                "sha256:107781b213cf7201ec3806555657ccda67b1fccc4261fb889ef7fc56976db81f",
                "sha256:121b665b04083a1e85ff1f5243d4a93aa1aaba281bc12ea334d5a187278ceaf1",
                "sha256:1fa21263c3aba2b76fd7c45713d4428dbcc7644d73dcf0650e9d344e433741b3",
                "sha256:2b30aa2bcff8e958cd85d907d5109820b01ac511eae5b460803430a7404e34d7",
                "sha256:4b4a111bcf4b9c948e020fd207f915c24a6de3f1adc7682a2d92660eb4e84f1a",
                "sha256:5591c4164755778e29e69b86e425880f852464a21c7bb53c7ea453bbe2633bbe",
                "sha256:59daa84aef650b11bccd18f99f64bfe44b9f14a08a28259959d33676554065a1",
                "sha256:5a9c8d11aa2c8f8b6043d845927a51eb9102eb558e3f936df494e96393f5fd3e",
                "sha256:5dd20538a60c4cc9a077d3b715bb42307239fcd25ef1ca7286775f95e9e9a46d",
                "sha256:74f48ec98430e06c1fa8949b49ebdd8d27ceb9df8d3d1c92e1fdc2773f003f20",
                "sha256:786aad2aa20de3dbff21aab86b2fb6a7be68064cbbc0219bde414d3a30aa47ae",
                "sha256:7ad7906e098ccd30d8f7068030a0b16668ab8aa5cda6fcd5146d8d20cbaa71b5",
                "sha256:80a38b188d20c0524fe8959c8ce770a8fdf0e617c6912d23fc97c68301bb9aba",
                "sha256:8f0ec6b9b3832e0bd1d57af41f9238ea7709bbd7271f639024f2fc9d3bb01293",
                "sha256:92282c83547a9add85ad658143c76a64a8d339028926d7dc1998ca029c88ea6a",
                "sha256:94150231f1e90c9595ccc80d7d2006c61f90a5995db82bccbca7944fd457f0f6",
                "sha256:9dc9006dcc47e00a8a6a029eb035c8f696ad38e40a27d073a003d7d1443f5d88",
                "sha256:a76979f728dd845655026ab991df25d26379a1a8fc1e9e68e25c7eda43004bed",
                "sha256:aa8eba3db3d8761db161003e2d0586608092e217151d7458206e243be5a43843",
                "sha256:bea760a63ce9bba566c23f726d72b3c0250e2fa2569909e2d83cda1534c79443",
                "sha256:c3f511a3c58676147c277eff0224c061dd5a6a8e1373572ac817ac6324f1b1e0",
                "sha256:c9d317efde4bafbc1561509bfa8a23c5cab66c44d49ab5b63ff690f5159b2304",
                "sha256:cc411ad324a4486b142c41d9b2b6a722c534096963688d879ea6fa8a35028258",
                "sha256:cdc13a1682b2a6241080745b1953719e7fe0850b40a5c71ca574f090a1391df6",
                "sha256:cfd7c5dd3c35c19cec59c63df9571c67c6d6e5c92e0fe63517920e97f61106d1",
                "sha256:e1cacf4796b20865789083252186ce9dc6cc59eca0c2e79cca332bdff24ac481",
                "sha256:e70d4e467e243455492f5de463b72151cc400710ac03a0678206a5f27e79ddef",
                "sha256:ecc930ae559ea8a43377e8b60ca6f8d61ac532fc57efb915d899de4a67928efd",
                "sha256:f161af26f596131b63b236372e4ce40f3167c1b5b5d459b29d2514bd8c9dc9ee"
            ],
            "markers": "python_version >= '2.7' and python_version not in '3.0, 3.1, 3.2, 3.3, 3.4'",
            "version": "==4.5.2"
        },
        "messytables": {
            "hashes": [
                "sha256:6fc68d5c620243b741471042cf85eeca0004a7de07cea8c52c30eb08a5857619"
            ],
            "version": "==0.15.1"
        },
        "nose": {
            "hashes": [
                "sha256:9ff7c6cc443f8c51994b34a667bbcf45afd6d945be7477b52e97516fd17c53ac",
                "sha256:dadcddc0aefbf99eea214e0f1232b94f2fa9bd98fa8353711dacb112bfcbbb2a",
                "sha256:f1bffef9cbc82628f6e7d7b40d7e255aefaa1adb6a1b1d26c69a8b79e6208a98"
            ],
            "index": "pypi",
            "version": "==1.3.7"
        },
        "pyhamcrest": {
            "hashes": [
                "sha256:6b672c02fdf7470df9674ab82263841ce8333fb143f32f021f6cb26f0e512420",
                "sha256:7a4bdade0ed98c699d728191a058a60a44d2f9c213c51e2dd1e6fb42f2c6128a",
                "sha256:8ffaa0a53da57e89de14ced7185ac746227a8894dbd5a3c718bf05ddbd1d56cd",
                "sha256:bac0bea7358666ce52e3c6c85139632ed89f115e9af52d44b3c36e0bf8cf16a9",
                "sha256:f30e9a310bcc1808de817a92e95169ffd16b60cbc5a016a49c8d0e8ababfae79"
            ],
            "index": "pypi",
            "version": "==1.9.0"
        },
        "python-dateutil": {
            "hashes": [
                "sha256:73ebfe9dbf22e832286dafa60473e4cd239f8592f699aa5adaf10050e6e1823c",
                "sha256:75bb3f31ea686f1197762692a9ee6a7550b59fc6ca3a1f4b5d7e32fb98e2da2a"
            ],
            "markers": "python_version >= '2.7' and python_version not in '3.0, 3.1, 3.2, 3.3'",
            "version": "==2.8.1"
        },
        "python-magic": {
            "hashes": [
                "sha256:356efa93c8899047d1eb7d3eb91e871ba2f5b1376edbaf4cc305e3c872207355",
                "sha256:b757db2a5289ea3f1ced9e60f072965243ea43a2221430048fd8cacab17be0ce"
            ],
            "markers": "python_version >= '2.7' and python_version not in '3.0, 3.1, 3.2, 3.3, 3.4'",
            "version": "==0.4.18"
        },
        "requests": {
            "hashes": [
                "sha256:b3559a131db72c33ee969480840fff4bb6dd111de7dd27c8ee1f820f4f00231b",
                "sha256:fe75cc94a9443b9246fc7049224f75604b113c36acb93f87b80ed42c44cbb898"
            ],
            "markers": "python_version >= '2.7' and python_version not in '3.0, 3.1, 3.2, 3.3, 3.4'",
            "version": "==2.24.0"
        },
        "six": {
            "hashes": [
                "sha256:30639c035cdb23534cd4aa2dd52c3bf48f06e5f4a941509c8bafd8ce11080259",
                "sha256:8b74bedcbbbaca38ff6d7491d76f2b06b3592611af620f8426e82dddb04a5ced"
            ],
            "markers": "python_version >= '2.7' and python_version not in '3.0, 3.1, 3.2, 3.3'",
            "version": "==1.15.0"
        },
        "urllib3": {
            "hashes": [
                "sha256:91056c15fa70756691db97756772bb1eb9678fa585d9184f24534b100dc60f4a",
                "sha256:e7983572181f5e1522d9c98453462384ee92a0be7fac5f1413a1e35c56cc0461"
            ],
            "markers": "python_version >= '2.7' and python_version not in '3.0, 3.1, 3.2, 3.3, 3.4' and python_version < '4'",
            "version": "==1.25.10"
        },
        "webencodings": {
            "hashes": [
                "sha256:a0af1213f3c2226497a97e2b3aa01a7e4bee4f403f95be16fc9acd2947514a78",
                "sha256:b36a1c245f2d304965eb4e0a82848379241dc04b865afcc4aab16748587e1923"
            ],
            "version": "==0.5.1"
        },
        "xlrd": {
            "hashes": [
                "sha256:546eb36cee8db40c3eaa46c351e67ffee6eeb5fa2650b71bc4c758a29a1b29b2",
                "sha256:e551fb498759fa3a5384a94ccd4c3c02eb7c00ea424426e212ac0c57be9dfbde"
            ],
            "markers": "python_version >= '2.7' and python_version not in '3.0, 3.1, 3.2, 3.3'",
            "version": "==1.2.0"
        },
        "xlutils": {
            "hashes": [
                "sha256:7e0e2c233bd185fecf5e2bd3f4e9469ca4a3bd87da64c82cfe5b2af27e7f9e54",
                "sha256:b56640862c030e9d53104e7f1d750135fdfabf6bf55e425e5ac40fdee9dbaeb9"
            ],
            "index": "pypi",
            "version": "==2.0.0"
        },
        "xlwt": {
            "hashes": [
                "sha256:a082260524678ba48a297d922cc385f58278b8aa68741596a87de01a9c628b2e",
                "sha256:c59912717a9b28f1a3c2a98fd60741014b06b043936dcecbc113eaaada156c88"
            ],
            "version": "==1.3.0"
        },
        "xypath": {
            "hashes": [
                "sha256:19f2b76f891e5259365e9a98aeb1b246b261ceef2babb1fa0ed9afd95a07ce6a",
                "sha256:fc0dc20f5d0d0dac7c7a34131e3871cb046f6d3c9cc7d87572731530dced0407"
            ],
            "index": "pypi",
            "version": "==1.1.0"
        }
    },
    "develop": {
        "behave": {
            "hashes": [
                "sha256:b9662327aa53294c1351b0a9c369093ccec1d21026f050c3bd9b3e5cccf81a86",
                "sha256:ebda1a6c9e5bfe95c5f9f0a2794e01c7098b3dde86c10a95d8621c5907ff6f1c"
            ],
            "index": "pypi",
            "version": "==1.2.6"
        },
        "parse": {
            "hashes": [
                "sha256:91666032d6723dc5905248417ef0dc9e4c51df9526aaeef271eacad6491f06a4"
            ],
            "version": "==1.18.0"
        },
        "parse-type": {
            "hashes": [
                "sha256:089a471b06327103865dfec2dd844230c3c658a4a1b5b4c8b6c16c8f77577f9e",
                "sha256:7f690b18d35048c15438d6d0571f9045cffbec5907e0b1ccf006f889e3a38c0b"
            ],
            "markers": "python_version >= '2.6' and python_version not in '3.0, 3.1, 3.2, 3.3'",
            "version": "==0.5.2"
        },
        "six": {
            "hashes": [
                "sha256:30639c035cdb23534cd4aa2dd52c3bf48f06e5f4a941509c8bafd8ce11080259",
                "sha256:8b74bedcbbbaca38ff6d7491d76f2b06b3592611af620f8426e82dddb04a5ced"
            ],
            "markers": "python_version >= '2.7' and python_version not in '3.0, 3.1, 3.2, 3.3'",
            "version": "==1.15.0"
        }
    }
}
